
Microsoft Visual Studio Solution File, Format Version 12.00
# Visual Studio 15
VisualStudioVersion = 15.0.27428.2011
MinimumVisualStudioVersion = 10.0.40219.1
Project("{9A19103F-16F7-4668-BE54-9A1E7A4F7556}") = "PD", "PD\PD.csproj", "{81DDA05B-102C-4503-B82B-EFD73739666E}"
EndProject
Project("{FAE04EC0-301F-11D3-BF4B-00C04F79EFBC}") = "PD.Test", "PD.Test\PD.Test.csproj", "{6EF2DBDB-BA2A-4FA7-BB28-A8267AE094DA}"
	ProjectSection(ProjectDependencies) = postProject
		{81DDA05B-102C-4503-B82B-EFD73739666E} = {81DDA05B-102C-4503-B82B-EFD73739666E}
	EndProjectSection
EndProject
Global
	GlobalSection(SolutionConfigurationPlatforms) = preSolution
		Debug|Any CPU = Debug|Any CPU
		Release|Any CPU = Release|Any CPU
	EndGlobalSection
	GlobalSection(ProjectConfigurationPlatforms) = postSolution
		{81DDA05B-102C-4503-B82B-EFD73739666E}.Debug|Any CPU.ActiveCfg = Debug|Any CPU
		{81DDA05B-102C-4503-B82B-EFD73739666E}.Debug|Any CPU.Build.0 = Debug|Any CPU
		{81DDA05B-102C-4503-B82B-EFD73739666E}.Release|Any CPU.ActiveCfg = Release|Any CPU
		{81DDA05B-102C-4503-B82B-EFD73739666E}.Release|Any CPU.Build.0 = Release|Any CPU
		{6EF2DBDB-BA2A-4FA7-BB28-A8267AE094DA}.Debug|Any CPU.ActiveCfg = Debug|Any CPU
		{6EF2DBDB-BA2A-4FA7-BB28-A8267AE094DA}.Debug|Any CPU.Build.0 = Debug|Any CPU
		{6EF2DBDB-BA2A-4FA7-BB28-A8267AE094DA}.Release|Any CPU.ActiveCfg = Release|Any CPU
		{6EF2DBDB-BA2A-4FA7-BB28-A8267AE094DA}.Release|Any CPU.Build.0 = Release|Any CPU
	EndGlobalSection
	GlobalSection(SolutionProperties) = preSolution
		HideSolutionNode = FALSE
	EndGlobalSection
	GlobalSection(ExtensibilityGlobals) = postSolution
		SolutionGuid = {F60C8EAC-1A17-4805-AD5D-4BC3872F57B3}
	EndGlobalSection
EndGlobal
