
Microsoft Visual Studio Solution File, Format Version 12.00
# Visual Studio 15
VisualStudioVersion = 15.0.27428.2011
MinimumVisualStudioVersion = 10.0.40219.1
Project("{FAE04EC0-301F-11D3-BF4B-00C04F79EFBC}") = "PAD", "PAD\PAD.csproj", "{15075525-5FCF-4BEC-9A4F-F5CAB0F58425}"
EndProject
Project("{FAE04EC0-301F-11D3-BF4B-00C04F79EFBC}") = "PAD.Test", "PAD.Test\PAD.Test.csproj", "{F6C1C170-96DB-4EEE-9B77-6EF4A3058393}"
EndProject
Global
	GlobalSection(SolutionConfigurationPlatforms) = preSolution
		Debug|Any CPU = Debug|Any CPU
		Release|Any CPU = Release|Any CPU
	EndGlobalSection
	GlobalSection(ProjectConfigurationPlatforms) = postSolution
		{15075525-5FCF-4BEC-9A4F-F5CAB0F58425}.Debug|Any CPU.ActiveCfg = Debug|Any CPU
		{15075525-5FCF-4BEC-9A4F-F5CAB0F58425}.Debug|Any CPU.Build.0 = Debug|Any CPU
		{15075525-5FCF-4BEC-9A4F-F5CAB0F58425}.Release|Any CPU.ActiveCfg = Release|Any CPU
		{15075525-5FCF-4BEC-9A4F-F5CAB0F58425}.Release|Any CPU.Build.0 = Release|Any CPU
		{F6C1C170-96DB-4EEE-9B77-6EF4A3058393}.Debug|Any CPU.ActiveCfg = Debug|Any CPU
		{F6C1C170-96DB-4EEE-9B77-6EF4A3058393}.Debug|Any CPU.Build.0 = Debug|Any CPU
		{F6C1C170-96DB-4EEE-9B77-6EF4A3058393}.Release|Any CPU.ActiveCfg = Release|Any CPU
		{F6C1C170-96DB-4EEE-9B77-6EF4A3058393}.Release|Any CPU.Build.0 = Release|Any CPU
	EndGlobalSection
	GlobalSection(SolutionProperties) = preSolution
		HideSolutionNode = FALSE
	EndGlobalSection
	GlobalSection(ExtensibilityGlobals) = postSolution
		SolutionGuid = {F60C8EAC-1A17-4805-AD5D-4BC3872F57B3}
	EndGlobalSection
EndGlobal
